{
  "name": "@artichokeruby/www.artichokeruby.org",
  "version": "0.5.0",
  "lockfileVersion": 3,
  "requires": true,
  "packages": {
    "": {
      "name": "@artichokeruby/www.artichokeruby.org",
      "version": "0.5.0",
      "license": "MIT",
      "dependencies": {
        "@artichokeruby/logo": "^0.12.0",
        "@popperjs/core": "^2.11.8",
        "bootstrap": "^5.3.0"
      },
      "devDependencies": {
        "@minify-html/node": "^0.11.1",
        "esbuild": "^0.18.13",
        "eta": "^3.0.3",
        "highlight.js": "^11.8.0",
        "marked": "^5.1.1",
        "marked-highlight": "^2.0.1",
        "prettier": "^3.0.0"
      }
    },
    "node_modules/@artichokeruby/logo": {
      "version": "0.12.0",
      "resolved": "https://registry.npmjs.org/@artichokeruby/logo/-/logo-0.12.0.tgz",
      "integrity": "sha512-VzsxlZPdsXaSfwFuUljVIr6YHjvHxWCwvURKRJq8GcP22XEnq+gGVP7ByVMJW9SL9cUH3eLPKwSsh9KH3W002w=="
    },
    "node_modules/@esbuild/android-arm": {
      "version": "0.18.13",
      "resolved": "https://registry.npmjs.org/@esbuild/android-arm/-/android-arm-0.18.13.tgz",
      "integrity": "sha512-KwqFhxRFMKZINHzCqf8eKxE0XqWlAVPRxwy6rc7CbVFxzUWB2sA/s3hbMZeemPdhN3fKBkqOaFhTbS8xJXYIWQ==",
      "cpu": [
        "arm"
      ],
      "dev": true,
      "optional": true,
      "os": [
        "android"
      ],
      "engines": {
        "node": ">=12"
      }
    },
    "node_modules/@esbuild/android-arm64": {
      "version": "0.18.13",
      "resolved": "https://registry.npmjs.org/@esbuild/android-arm64/-/android-arm64-0.18.13.tgz",
      "integrity": "sha512-j7NhycJUoUAG5kAzGf4fPWfd17N6SM3o1X6MlXVqfHvs2buFraCJzos9vbeWjLxOyBKHyPOnuCuipbhvbYtTAg==",
      "cpu": [
        "arm64"
      ],
      "dev": true,
      "optional": true,
      "os": [
        "android"
      ],
      "engines": {
        "node": ">=12"
      }
    },
    "node_modules/@esbuild/android-x64": {
      "version": "0.18.13",
      "resolved": "https://registry.npmjs.org/@esbuild/android-x64/-/android-x64-0.18.13.tgz",
      "integrity": "sha512-M2eZkRxR6WnWfVELHmv6MUoHbOqnzoTVSIxgtsyhm/NsgmL+uTmag/VVzdXvmahak1I6sOb1K/2movco5ikDJg==",
      "cpu": [
        "x64"
      ],
      "dev": true,
      "optional": true,
      "os": [
        "android"
      ],
      "engines": {
        "node": ">=12"
      }
    },
    "node_modules/@esbuild/darwin-arm64": {
      "version": "0.18.13",
      "resolved": "https://registry.npmjs.org/@esbuild/darwin-arm64/-/darwin-arm64-0.18.13.tgz",
      "integrity": "sha512-f5goG30YgR1GU+fxtaBRdSW3SBG9pZW834Mmhxa6terzcboz7P2R0k4lDxlkP7NYRIIdBbWp+VgwQbmMH4yV7w==",
      "cpu": [
        "arm64"
      ],
      "dev": true,
      "optional": true,
      "os": [
        "darwin"
      ],
      "engines": {
        "node": ">=12"
      }
    },
    "node_modules/@esbuild/darwin-x64": {
      "version": "0.18.13",
      "resolved": "https://registry.npmjs.org/@esbuild/darwin-x64/-/darwin-x64-0.18.13.tgz",
      "integrity": "sha512-RIrxoKH5Eo+yE5BtaAIMZaiKutPhZjw+j0OCh8WdvKEKJQteacq0myZvBDLU+hOzQOZWJeDnuQ2xgSScKf1Ovw==",
      "cpu": [
        "x64"
      ],
      "dev": true,
      "optional": true,
      "os": [
        "darwin"
      ],
      "engines": {
        "node": ">=12"
      }
    },
    "node_modules/@esbuild/freebsd-arm64": {
      "version": "0.18.13",
      "resolved": "https://registry.npmjs.org/@esbuild/freebsd-arm64/-/freebsd-arm64-0.18.13.tgz",
      "integrity": "sha512-AfRPhHWmj9jGyLgW/2FkYERKmYR+IjYxf2rtSLmhOrPGFh0KCETFzSjx/JX/HJnvIqHt/DRQD/KAaVsUKoI3Xg==",
      "cpu": [
        "arm64"
      ],
      "dev": true,
      "optional": true,
      "os": [
        "freebsd"
      ],
      "engines": {
        "node": ">=12"
      }
    },
    "node_modules/@esbuild/freebsd-x64": {
      "version": "0.18.13",
      "resolved": "https://registry.npmjs.org/@esbuild/freebsd-x64/-/freebsd-x64-0.18.13.tgz",
      "integrity": "sha512-pGzWWZJBInhIgdEwzn8VHUBang8UvFKsvjDkeJ2oyY5gZtAM6BaxK0QLCuZY+qoj/nx/lIaItH425rm/hloETA==",
      "cpu": [
        "x64"
      ],
      "dev": true,
      "optional": true,
      "os": [
        "freebsd"
      ],
      "engines": {
        "node": ">=12"
      }
    },
    "node_modules/@esbuild/linux-arm": {
      "version": "0.18.13",
      "resolved": "https://registry.npmjs.org/@esbuild/linux-arm/-/linux-arm-0.18.13.tgz",
      "integrity": "sha512-4iMxLRMCxGyk7lEvkkvrxw4aJeC93YIIrfbBlUJ062kilUUnAiMb81eEkVvCVoh3ON283ans7+OQkuy1uHW+Hw==",
      "cpu": [
        "arm"
      ],
      "dev": true,
      "optional": true,
      "os": [
        "linux"
      ],
      "engines": {
        "node": ">=12"
      }
    },
    "node_modules/@esbuild/linux-arm64": {
      "version": "0.18.13",
      "resolved": "https://registry.npmjs.org/@esbuild/linux-arm64/-/linux-arm64-0.18.13.tgz",
      "integrity": "sha512-hCzZbVJEHV7QM77fHPv2qgBcWxgglGFGCxk6KfQx6PsVIdi1u09X7IvgE9QKqm38OpkzaAkPnnPqwRsltvLkIQ==",
      "cpu": [
        "arm64"
      ],
      "dev": true,
      "optional": true,
      "os": [
        "linux"
      ],
      "engines": {
        "node": ">=12"
      }
    },
    "node_modules/@esbuild/linux-ia32": {
      "version": "0.18.13",
      "resolved": "https://registry.npmjs.org/@esbuild/linux-ia32/-/linux-ia32-0.18.13.tgz",
      "integrity": "sha512-I3OKGbynl3AAIO6onXNrup/ttToE6Rv2XYfFgLK/wnr2J+1g+7k4asLrE+n7VMhaqX+BUnyWkCu27rl+62Adug==",
      "cpu": [
        "ia32"
      ],
      "dev": true,
      "optional": true,
      "os": [
        "linux"
      ],
      "engines": {
        "node": ">=12"
      }
    },
    "node_modules/@esbuild/linux-loong64": {
      "version": "0.18.13",
      "resolved": "https://registry.npmjs.org/@esbuild/linux-loong64/-/linux-loong64-0.18.13.tgz",
      "integrity": "sha512-8pcKDApAsKc6WW51ZEVidSGwGbebYw2qKnO1VyD8xd6JN0RN6EUXfhXmDk9Vc4/U3Y4AoFTexQewQDJGsBXBpg==",
      "cpu": [
        "loong64"
      ],
      "dev": true,
      "optional": true,
      "os": [
        "linux"
      ],
      "engines": {
        "node": ">=12"
      }
    },
    "node_modules/@esbuild/linux-mips64el": {
      "version": "0.18.13",
      "resolved": "https://registry.npmjs.org/@esbuild/linux-mips64el/-/linux-mips64el-0.18.13.tgz",
      "integrity": "sha512-6GU+J1PLiVqWx8yoCK4Z0GnfKyCGIH5L2KQipxOtbNPBs+qNDcMJr9euxnyJ6FkRPyMwaSkjejzPSISD9hb+gg==",
      "cpu": [
        "mips64el"
      ],
      "dev": true,
      "optional": true,
      "os": [
        "linux"
      ],
      "engines": {
        "node": ">=12"
      }
    },
    "node_modules/@esbuild/linux-ppc64": {
      "version": "0.18.13",
      "resolved": "https://registry.npmjs.org/@esbuild/linux-ppc64/-/linux-ppc64-0.18.13.tgz",
      "integrity": "sha512-pfn/OGZ8tyR8YCV7MlLl5hAit2cmS+j/ZZg9DdH0uxdCoJpV7+5DbuXrR+es4ayRVKIcfS9TTMCs60vqQDmh+w==",
      "cpu": [
        "ppc64"
      ],
      "dev": true,
      "optional": true,
      "os": [
        "linux"
      ],
      "engines": {
        "node": ">=12"
      }
    },
    "node_modules/@esbuild/linux-riscv64": {
      "version": "0.18.13",
      "resolved": "https://registry.npmjs.org/@esbuild/linux-riscv64/-/linux-riscv64-0.18.13.tgz",
      "integrity": "sha512-aIbhU3LPg0lOSCfVeGHbmGYIqOtW6+yzO+Nfv57YblEK01oj0mFMtvDJlOaeAZ6z0FZ9D13oahi5aIl9JFphGg==",
      "cpu": [
        "riscv64"
      ],
      "dev": true,
      "optional": true,
      "os": [
        "linux"
      ],
      "engines": {
        "node": ">=12"
      }
    },
    "node_modules/@esbuild/linux-s390x": {
      "version": "0.18.13",
      "resolved": "https://registry.npmjs.org/@esbuild/linux-s390x/-/linux-s390x-0.18.13.tgz",
      "integrity": "sha512-Pct1QwF2sp+5LVi4Iu5Y+6JsGaV2Z2vm4O9Dd7XZ5tKYxEHjFtb140fiMcl5HM1iuv6xXO8O1Vrb1iJxHlv8UA==",
      "cpu": [
        "s390x"
      ],
      "dev": true,
      "optional": true,
      "os": [
        "linux"
      ],
      "engines": {
        "node": ">=12"
      }
    },
    "node_modules/@esbuild/linux-x64": {
      "version": "0.18.13",
      "resolved": "https://registry.npmjs.org/@esbuild/linux-x64/-/linux-x64-0.18.13.tgz",
      "integrity": "sha512-zTrIP0KzYP7O0+3ZnmzvUKgGtUvf4+piY8PIO3V8/GfmVd3ZyHJGz7Ht0np3P1wz+I8qJ4rjwJKqqEAbIEPngA==",
      "cpu": [
        "x64"
      ],
      "dev": true,
      "optional": true,
      "os": [
        "linux"
      ],
      "engines": {
        "node": ">=12"
      }
    },
    "node_modules/@esbuild/netbsd-x64": {
      "version": "0.18.13",
      "resolved": "https://registry.npmjs.org/@esbuild/netbsd-x64/-/netbsd-x64-0.18.13.tgz",
      "integrity": "sha512-I6zs10TZeaHDYoGxENuksxE1sxqZpCp+agYeW039yqFwh3MgVvdmXL5NMveImOC6AtpLvE4xG5ujVic4NWFIDQ==",
      "cpu": [
        "x64"
      ],
      "dev": true,
      "optional": true,
      "os": [
        "netbsd"
      ],
      "engines": {
        "node": ">=12"
      }
    },
    "node_modules/@esbuild/openbsd-x64": {
      "version": "0.18.13",
      "resolved": "https://registry.npmjs.org/@esbuild/openbsd-x64/-/openbsd-x64-0.18.13.tgz",
      "integrity": "sha512-W5C5nczhrt1y1xPG5bV+0M12p2vetOGlvs43LH8SopQ3z2AseIROu09VgRqydx5qFN7y9qCbpgHLx0kb0TcW7g==",
      "cpu": [
        "x64"
      ],
      "dev": true,
      "optional": true,
      "os": [
        "openbsd"
      ],
      "engines": {
        "node": ">=12"
      }
    },
    "node_modules/@esbuild/sunos-x64": {
      "version": "0.18.13",
      "resolved": "https://registry.npmjs.org/@esbuild/sunos-x64/-/sunos-x64-0.18.13.tgz",
      "integrity": "sha512-X/xzuw4Hzpo/yq3YsfBbIsipNgmsm8mE/QeWbdGdTTeZ77fjxI2K0KP3AlhZ6gU3zKTw1bKoZTuKLnqcJ537qw==",
      "cpu": [
        "x64"
      ],
      "dev": true,
      "optional": true,
      "os": [
        "sunos"
      ],
      "engines": {
        "node": ">=12"
      }
    },
    "node_modules/@esbuild/win32-arm64": {
      "version": "0.18.13",
      "resolved": "https://registry.npmjs.org/@esbuild/win32-arm64/-/win32-arm64-0.18.13.tgz",
      "integrity": "sha512-4CGYdRQT/ILd+yLLE5i4VApMPfGE0RPc/wFQhlluDQCK09+b4JDbxzzjpgQqTPrdnP7r5KUtGVGZYclYiPuHrw==",
      "cpu": [
        "arm64"
      ],
      "dev": true,
      "optional": true,
      "os": [
        "win32"
      ],
      "engines": {
        "node": ">=12"
      }
    },
    "node_modules/@esbuild/win32-ia32": {
      "version": "0.18.13",
      "resolved": "https://registry.npmjs.org/@esbuild/win32-ia32/-/win32-ia32-0.18.13.tgz",
      "integrity": "sha512-D+wKZaRhQI+MUGMH+DbEr4owC2D7XnF+uyGiZk38QbgzLcofFqIOwFs7ELmIeU45CQgfHNy9Q+LKW3cE8g37Kg==",
      "cpu": [
        "ia32"
      ],
      "dev": true,
      "optional": true,
      "os": [
        "win32"
      ],
      "engines": {
        "node": ">=12"
      }
    },
    "node_modules/@esbuild/win32-x64": {
      "version": "0.18.13",
      "resolved": "https://registry.npmjs.org/@esbuild/win32-x64/-/win32-x64-0.18.13.tgz",
      "integrity": "sha512-iVl6lehAfJS+VmpF3exKpNQ8b0eucf5VWfzR8S7xFve64NBNz2jPUgx1X93/kfnkfgP737O+i1k54SVQS7uVZA==",
      "cpu": [
        "x64"
      ],
      "dev": true,
      "optional": true,
      "os": [
        "win32"
      ],
      "engines": {
        "node": ">=12"
      }
    },
    "node_modules/@minify-html/node": {
      "version": "0.11.1",
      "resolved": "https://registry.npmjs.org/@minify-html/node/-/node-0.11.1.tgz",
      "integrity": "sha512-f+3VvBszFaY5xx8e7POka1K1FnVZur8Apk18uaI4lSyZrzmpLlkSBZfXOPHVhChFc0TDI+RQuBD+ws4qIt9+mg==",
      "dev": true,
      "hasInstallScript": true,
      "dependencies": {
        "cargo-cp-artifact": "^0.1"
      },
      "bin": {
        "minify-html": "cli.js"
      },
      "engines": {
        "node": ">= 8.6.0"
      }
    },
    "node_modules/@popperjs/core": {
      "version": "2.11.8",
      "resolved": "https://registry.npmjs.org/@popperjs/core/-/core-2.11.8.tgz",
      "integrity": "sha512-P1st0aksCrn9sGZhp8GMYwBnQsbvAWsZAX44oXNNvLHGqAOcoVxmjZiohstwQ7SqKnbR47akdNi+uleWD8+g6A==",
      "funding": {
        "type": "opencollective",
        "url": "https://opencollective.com/popperjs"
      }
    },
    "node_modules/bootstrap": {
      "version": "5.3.0",
      "resolved": "https://registry.npmjs.org/bootstrap/-/bootstrap-5.3.0.tgz",
      "integrity": "sha512-UnBV3E3v4STVNQdms6jSGO2CvOkjUMdDAVR2V5N4uCMdaIkaQjbcEAMqRimDHIs4uqBYzDAKCQwCB+97tJgHQw==",
      "funding": [
        {
          "type": "github",
          "url": "https://github.com/sponsors/twbs"
        },
        {
          "type": "opencollective",
          "url": "https://opencollective.com/bootstrap"
        }
      ],
      "peerDependencies": {
        "@popperjs/core": "^2.11.7"
      }
    },
    "node_modules/cargo-cp-artifact": {
      "version": "0.1.8",
      "resolved": "https://registry.npmjs.org/cargo-cp-artifact/-/cargo-cp-artifact-0.1.8.tgz",
      "integrity": "sha512-3j4DaoTrsCD1MRkTF2Soacii0Nx7UHCce0EwUf4fHnggwiE4fbmF2AbnfzayR36DF8KGadfh7M/Yfy625kgPlA==",
      "dev": true,
      "bin": {
        "cargo-cp-artifact": "bin/cargo-cp-artifact.js"
      }
    },
    "node_modules/esbuild": {
      "version": "0.18.13",
      "resolved": "https://registry.npmjs.org/esbuild/-/esbuild-0.18.13.tgz",
      "integrity": "sha512-vhg/WR/Oiu4oUIkVhmfcc23G6/zWuEQKFS+yiosSHe4aN6+DQRXIfeloYGibIfVhkr4wyfuVsGNLr+sQU1rWWw==",
      "dev": true,
      "hasInstallScript": true,
      "bin": {
        "esbuild": "bin/esbuild"
      },
      "engines": {
        "node": ">=12"
      },
      "optionalDependencies": {
        "@esbuild/android-arm": "0.18.13",
        "@esbuild/android-arm64": "0.18.13",
        "@esbuild/android-x64": "0.18.13",
        "@esbuild/darwin-arm64": "0.18.13",
        "@esbuild/darwin-x64": "0.18.13",
        "@esbuild/freebsd-arm64": "0.18.13",
        "@esbuild/freebsd-x64": "0.18.13",
        "@esbuild/linux-arm": "0.18.13",
        "@esbuild/linux-arm64": "0.18.13",
        "@esbuild/linux-ia32": "0.18.13",
        "@esbuild/linux-loong64": "0.18.13",
        "@esbuild/linux-mips64el": "0.18.13",
        "@esbuild/linux-ppc64": "0.18.13",
        "@esbuild/linux-riscv64": "0.18.13",
        "@esbuild/linux-s390x": "0.18.13",
        "@esbuild/linux-x64": "0.18.13",
        "@esbuild/netbsd-x64": "0.18.13",
        "@esbuild/openbsd-x64": "0.18.13",
        "@esbuild/sunos-x64": "0.18.13",
        "@esbuild/win32-arm64": "0.18.13",
        "@esbuild/win32-ia32": "0.18.13",
        "@esbuild/win32-x64": "0.18.13"
      }
    },
    "node_modules/eta": {
      "version": "3.0.3",
      "resolved": "https://registry.npmjs.org/eta/-/eta-3.0.3.tgz",
      "integrity": "sha512-92A9Ag87aSb/y7e9EwA17VsbV1t2NmZNVlxtwHIkQcxYq20Ch7aAVNJqb5w6bsJVXRsBdvzn6R8WDPCHI9ewdA==",
      "dev": true,
      "engines": {
        "node": ">=6.0.0"
      },
      "funding": {
        "url": "https://github.com/eta-dev/eta?sponsor=1"
      }
    },
    "node_modules/highlight.js": {
      "version": "11.8.0",
      "resolved": "https://registry.npmjs.org/highlight.js/-/highlight.js-11.8.0.tgz",
      "integrity": "sha512-MedQhoqVdr0U6SSnWPzfiadUcDHfN/Wzq25AkXiQv9oiOO/sG0S7XkvpFIqWBl9Yq1UYyYOOVORs5UW2XlPyzg==",
      "dev": true,
      "engines": {
        "node": ">=12.0.0"
      }
    },
    "node_modules/marked": {
      "version": "5.1.1",
      "resolved": "https://registry.npmjs.org/marked/-/marked-5.1.1.tgz",
      "integrity": "sha512-bTmmGdEINWmOMDjnPWDxGPQ4qkDLeYorpYbEtFOXzOruTwUE671q4Guiuchn4N8h/v6NGd7916kXsm3Iz4iUSg==",
      "dev": true,
      "bin": {
        "marked": "bin/marked.js"
      },
      "engines": {
        "node": ">= 18"
      }
    },
    "node_modules/marked-highlight": {
      "version": "2.0.1",
      "resolved": "https://registry.npmjs.org/marked-highlight/-/marked-highlight-2.0.1.tgz",
      "integrity": "sha512-LDUfR/zDvD+dJ+lQOWHkxvBLNxiXcaN8pBtwJ/i4pI0bkDC/Ef6Mz1qUrAuHXfnpdr2rabdMpVFhqFuU+5Mskg==",
      "dev": true,
      "peerDependencies": {
        "marked": "^4 || ^5"
      }
    },
    "node_modules/prettier": {
      "version": "3.0.0",
      "resolved": "https://registry.npmjs.org/prettier/-/prettier-3.0.0.tgz",
      "integrity": "sha512-zBf5eHpwHOGPC47h0zrPyNn+eAEIdEzfywMoYn2XPi0P44Zp0tSq64rq0xAREh4auw2cJZHo9QUob+NqCQky4g==",
      "dev": true,
      "bin": {
        "prettier": "bin/prettier.cjs"
      },
      "engines": {
        "node": ">=14"
      },
      "funding": {
        "url": "https://github.com/prettier/prettier?sponsor=1"
      }
    }
  }
}
